version = 1
revision = 2
requires-python = ">=3.12"
resolution-markers = [
    "sys_platform == 'win32'",
    "sys_platform != 'win32'",
]

[[package]]
name = "accessible-output3"
version = "0.1.2"
source = { registry = "https://pypi.org/simple" }
dependencies = [
    { name = "appscript", marker = "sys_platform == 'darwin'" },
    { name = "libloader" },
    { name = "platform-utils" },
    { name = "pywin32", marker = "sys_platform == 'win32'" },
]
sdist = { url = "https://files.pythonhosted.org/packages/72/fb/28013ce9505037415cf30165a2c3a7d715751e701abd6d5eb4b79cd23366/accessible_output3-0.1.2.tar.gz", hash = "sha256:938d31da990b0f82fc75bccd8b00f97b310c38467bf2dca18a4873a1d131f547", size = 805796, upload-time = "2023-03-16T16:13:35.846Z" }

[[package]]
name = "appscript"
version = "1.3.0"
source = { registry = "https://pypi.org/simple" }
dependencies = [
    { name = "lxml", marker = "sys_platform != 'win32'" },
]
sdist = { url = "https://files.pythonhosted.org/packages/a3/84/5c0aec149c6a002d46af17e3d2c5efbe5e8258ef7574cfc17cd1b26c726e/appscript-1.3.0.tar.gz", hash = "sha256:80943118bc97f9f78a8aa55f85565752ed4d82c7893427d7d9ebfdf401c12b2c", size = 295205, upload-time = "2024-10-13T12:34:00.57Z" }
wheels = [
    { url = "https://files.pythonhosted.org/packages/b8/e2/05fd221bea1d309211569130a1a8f0966eb56394e46df068a69df0f29d61/appscript-1.3.0-cp312-cp312-macosx_10_13_universal2.whl", hash = "sha256:c0b5c160908de728072d4a0ae57f286608c5d7692bfccbc6eadde868aac2742b", size = 99575, upload-time = "2024-10-13T12:33:53.629Z" },
    { url = "https://files.pythonhosted.org/packages/df/2f/3ee4190ce97b0b39df58184210d3baaa5fe59ae0972e63c2c85f122ca887/appscript-1.3.0-cp312-cp312-macosx_10_13_x86_64.whl", hash = "sha256:d2a287b81030c81017127d4fb1c24729623576c50d2ff41694476b9af3ce0a97", size = 85496, upload-time = "2024-10-13T12:33:55.108Z" },
    { url = "https://files.pythonhosted.org/packages/92/5a/3b642e3e904fb37d45e40bb07b4362979160bdecb0d37aa74f2506b1a47e/appscript-1.3.0-cp313-cp313-macosx_10_13_universal2.whl", hash = "sha256:13094640e2694b888827d4e133f33dad1e08c9d7102b447c3cc8a73246fdab40", size = 99574, upload-time = "2024-10-13T12:33:56.317Z" },
    { url = "https://files.pythonhosted.org/packages/5c/bc/d8558bec737e02a9c404fb3b985b8636c313bb65a176375d551cb839e876/appscript-1.3.0-cp313-cp313-macosx_10_13_x86_64.whl", hash = "sha256:e7b4760105810e9b1ecd5b40aba7617e0a047346fb94ee4370e9d37e4383b78d", size = 85503, upload-time = "2024-10-13T12:33:57.54Z" },
]

[[package]]
name = "certifi"
version = "2025.7.14"
source = { registry = "https://pypi.org/simple" }
sdist = { url = "https://files.pythonhosted.org/packages/b3/76/52c535bcebe74590f296d6c77c86dabf761c41980e1347a2422e4aa2ae41/certifi-2025.7.14.tar.gz", hash = "sha256:8ea99dbdfaaf2ba2f9bac77b9249ef62ec5218e7c2b2e903378ed5fccf765995", size = 163981, upload-time = "2025-07-14T03:29:28.449Z" }
wheels = [
    { url = "https://files.pythonhosted.org/packages/4f/52/34c6cf5bb9285074dc3531c437b3919e825d976fde097a7a73f79e726d03/certifi-2025.7.14-py3-none-any.whl", hash = "sha256:6b31f564a415d79ee77df69d757bb49a5bb53bd9f756cbbe24394ffd6fc1f4b2", size = 162722, upload-time = "2025-07-14T03:29:26.863Z" },
]

[[package]]
name = "charset-normalizer"
version = "3.4.2"
source = { registry = "https://pypi.org/simple" }
sdist = { url = "https://files.pythonhosted.org/packages/e4/33/89c2ced2b67d1c2a61c19c6751aa8902d46ce3dacb23600a283619f5a12d/charset_normalizer-3.4.2.tar.gz", hash = "sha256:5baececa9ecba31eff645232d59845c07aa030f0c81ee70184a90d35099a0e63", size = 126367, upload-time = "2025-05-02T08:34:42.01Z" }
wheels = [
    { url = "https://files.pythonhosted.org/packages/d7/a4/37f4d6035c89cac7930395a35cc0f1b872e652eaafb76a6075943754f095/charset_normalizer-3.4.2-cp312-cp312-macosx_10_13_universal2.whl", hash = "sha256:0c29de6a1a95f24b9a1aa7aefd27d2487263f00dfd55a77719b530788f75cff7", size = 199936, upload-time = "2025-05-02T08:32:33.712Z" },
    { url = "https://files.pythonhosted.org/packages/ee/8a/1a5e33b73e0d9287274f899d967907cd0bf9c343e651755d9307e0dbf2b3/charset_normalizer-3.4.2-cp312-cp312-manylinux_2_17_aarch64.manylinux2014_aarch64.whl", hash = "sha256:cddf7bd982eaa998934a91f69d182aec997c6c468898efe6679af88283b498d3", size = 143790, upload-time = "2025-05-02T08:32:35.768Z" },
    { url = "https://files.pythonhosted.org/packages/66/52/59521f1d8e6ab1482164fa21409c5ef44da3e9f653c13ba71becdd98dec3/charset_normalizer-3.4.2-cp312-cp312-manylinux_2_17_ppc64le.manylinux2014_ppc64le.whl", hash = "sha256:fcbe676a55d7445b22c10967bceaaf0ee69407fbe0ece4d032b6eb8d4565982a", size = 153924, upload-time = "2025-05-02T08:32:37.284Z" },
    { url = "https://files.pythonhosted.org/packages/86/2d/fb55fdf41964ec782febbf33cb64be480a6b8f16ded2dbe8db27a405c09f/charset_normalizer-3.4.2-cp312-cp312-manylinux_2_17_s390x.manylinux2014_s390x.whl", hash = "sha256:d41c4d287cfc69060fa91cae9683eacffad989f1a10811995fa309df656ec214", size = 146626, upload-time = "2025-05-02T08:32:38.803Z" },
    { url = "https://files.pythonhosted.org/packages/8c/73/6ede2ec59bce19b3edf4209d70004253ec5f4e319f9a2e3f2f15601ed5f7/charset_normalizer-3.4.2-cp312-cp312-manylinux_2_17_x86_64.manylinux2014_x86_64.whl", hash = "sha256:4e594135de17ab3866138f496755f302b72157d115086d100c3f19370839dd3a", size = 148567, upload-time = "2025-05-02T08:32:40.251Z" },
    { url = "https://files.pythonhosted.org/packages/09/14/957d03c6dc343c04904530b6bef4e5efae5ec7d7990a7cbb868e4595ee30/charset_normalizer-3.4.2-cp312-cp312-manylinux_2_5_i686.manylinux1_i686.manylinux_2_17_i686.manylinux2014_i686.whl", hash = "sha256:cf713fe9a71ef6fd5adf7a79670135081cd4431c2943864757f0fa3a65b1fafd", size = 150957, upload-time = "2025-05-02T08:32:41.705Z" },
    { url = "https://files.pythonhosted.org/packages/0d/c8/8174d0e5c10ccebdcb1b53cc959591c4c722a3ad92461a273e86b9f5a302/charset_normalizer-3.4.2-cp312-cp312-musllinux_1_2_aarch64.whl", hash = "sha256:a370b3e078e418187da8c3674eddb9d983ec09445c99a3a263c2011993522981", size = 145408, upload-time = "2025-05-02T08:32:43.709Z" },
    { url = "https://files.pythonhosted.org/packages/58/aa/8904b84bc8084ac19dc52feb4f5952c6df03ffb460a887b42615ee1382e8/charset_normalizer-3.4.2-cp312-cp312-musllinux_1_2_i686.whl", hash = "sha256:a955b438e62efdf7e0b7b52a64dc5c3396e2634baa62471768a64bc2adb73d5c", size = 153399, upload-time = "2025-05-02T08:32:46.197Z" },
    { url = "https://files.pythonhosted.org/packages/c2/26/89ee1f0e264d201cb65cf054aca6038c03b1a0c6b4ae998070392a3ce605/charset_normalizer-3.4.2-cp312-cp312-musllinux_1_2_ppc64le.whl", hash = "sha256:7222ffd5e4de8e57e03ce2cef95a4c43c98fcb72ad86909abdfc2c17d227fc1b", size = 156815, upload-time = "2025-05-02T08:32:48.105Z" },
    { url = "https://files.pythonhosted.org/packages/fd/07/68e95b4b345bad3dbbd3a8681737b4338ff2c9df29856a6d6d23ac4c73cb/charset_normalizer-3.4.2-cp312-cp312-musllinux_1_2_s390x.whl", hash = "sha256:bee093bf902e1d8fc0ac143c88902c3dfc8941f7ea1d6a8dd2bcb786d33db03d", size = 154537, upload-time = "2025-05-02T08:32:49.719Z" },
    { url = "https://files.pythonhosted.org/packages/77/1a/5eefc0ce04affb98af07bc05f3bac9094513c0e23b0562d64af46a06aae4/charset_normalizer-3.4.2-cp312-cp312-musllinux_1_2_x86_64.whl", hash = "sha256:dedb8adb91d11846ee08bec4c8236c8549ac721c245678282dcb06b221aab59f", size = 149565, upload-time = "2025-05-02T08:32:51.404Z" },
    { url = "https://files.pythonhosted.org/packages/37/a0/2410e5e6032a174c95e0806b1a6585eb21e12f445ebe239fac441995226a/charset_normalizer-3.4.2-cp312-cp312-win32.whl", hash = "sha256:db4c7bf0e07fc3b7d89ac2a5880a6a8062056801b83ff56d8464b70f65482b6c", size = 98357, upload-time = "2025-05-02T08:32:53.079Z" },
    { url = "https://files.pythonhosted.org/packages/6c/4f/c02d5c493967af3eda9c771ad4d2bbc8df6f99ddbeb37ceea6e8716a32bc/charset_normalizer-3.4.2-cp312-cp312-win_amd64.whl", hash = "sha256:5a9979887252a82fefd3d3ed2a8e3b937a7a809f65dcb1e068b090e165bbe99e", size = 105776, upload-time = "2025-05-02T08:32:54.573Z" },
    { url = "https://files.pythonhosted.org/packages/ea/12/a93df3366ed32db1d907d7593a94f1fe6293903e3e92967bebd6950ed12c/charset_normalizer-3.4.2-cp313-cp313-macosx_10_13_universal2.whl", hash = "sha256:926ca93accd5d36ccdabd803392ddc3e03e6d4cd1cf17deff3b989ab8e9dbcf0", size = 199622, upload-time = "2025-05-02T08:32:56.363Z" },
    { url = "https://files.pythonhosted.org/packages/04/93/bf204e6f344c39d9937d3c13c8cd5bbfc266472e51fc8c07cb7f64fcd2de/charset_normalizer-3.4.2-cp313-cp313-manylinux_2_17_aarch64.manylinux2014_aarch64.whl", hash = "sha256:eba9904b0f38a143592d9fc0e19e2df0fa2e41c3c3745554761c5f6447eedabf", size = 143435, upload-time = "2025-05-02T08:32:58.551Z" },
    { url = "https://files.pythonhosted.org/packages/22/2a/ea8a2095b0bafa6c5b5a55ffdc2f924455233ee7b91c69b7edfcc9e02284/charset_normalizer-3.4.2-cp313-cp313-manylinux_2_17_ppc64le.manylinux2014_ppc64le.whl", hash = "sha256:3fddb7e2c84ac87ac3a947cb4e66d143ca5863ef48e4a5ecb83bd48619e4634e", size = 153653, upload-time = "2025-05-02T08:33:00.342Z" },
    { url = "https://files.pythonhosted.org/packages/b6/57/1b090ff183d13cef485dfbe272e2fe57622a76694061353c59da52c9a659/charset_normalizer-3.4.2-cp313-cp313-manylinux_2_17_s390x.manylinux2014_s390x.whl", hash = "sha256:98f862da73774290f251b9df8d11161b6cf25b599a66baf087c1ffe340e9bfd1", size = 146231, upload-time = "2025-05-02T08:33:02.081Z" },
    { url = "https://files.pythonhosted.org/packages/e2/28/ffc026b26f441fc67bd21ab7f03b313ab3fe46714a14b516f931abe1a2d8/charset_normalizer-3.4.2-cp313-cp313-manylinux_2_17_x86_64.manylinux2014_x86_64.whl", hash = "sha256:6c9379d65defcab82d07b2a9dfbfc2e95bc8fe0ebb1b176a3190230a3ef0e07c", size = 148243, upload-time = "2025-05-02T08:33:04.063Z" },
    { url = "https://files.pythonhosted.org/packages/c0/0f/9abe9bd191629c33e69e47c6ef45ef99773320e9ad8e9cb08b8ab4a8d4cb/charset_normalizer-3.4.2-cp313-cp313-manylinux_2_5_i686.manylinux1_i686.manylinux_2_17_i686.manylinux2014_i686.whl", hash = "sha256:e635b87f01ebc977342e2697d05b56632f5f879a4f15955dfe8cef2448b51691", size = 150442, upload-time = "2025-05-02T08:33:06.418Z" },
    { url = "https://files.pythonhosted.org/packages/67/7c/a123bbcedca91d5916c056407f89a7f5e8fdfce12ba825d7d6b9954a1a3c/charset_normalizer-3.4.2-cp313-cp313-musllinux_1_2_aarch64.whl", hash = "sha256:1c95a1e2902a8b722868587c0e1184ad5c55631de5afc0eb96bc4b0d738092c0", size = 145147, upload-time = "2025-05-02T08:33:08.183Z" },
    { url = "https://files.pythonhosted.org/packages/ec/fe/1ac556fa4899d967b83e9893788e86b6af4d83e4726511eaaad035e36595/charset_normalizer-3.4.2-cp313-cp313-musllinux_1_2_i686.whl", hash = "sha256:ef8de666d6179b009dce7bcb2ad4c4a779f113f12caf8dc77f0162c29d20490b", size = 153057, upload-time = "2025-05-02T08:33:09.986Z" },
    { url = "https://files.pythonhosted.org/packages/2b/ff/acfc0b0a70b19e3e54febdd5301a98b72fa07635e56f24f60502e954c461/charset_normalizer-3.4.2-cp313-cp313-musllinux_1_2_ppc64le.whl", hash = "sha256:32fc0341d72e0f73f80acb0a2c94216bd704f4f0bce10aedea38f30502b271ff", size = 156454, upload-time = "2025-05-02T08:33:11.814Z" },
    { url = "https://files.pythonhosted.org/packages/92/08/95b458ce9c740d0645feb0e96cea1f5ec946ea9c580a94adfe0b617f3573/charset_normalizer-3.4.2-cp313-cp313-musllinux_1_2_s390x.whl", hash = "sha256:289200a18fa698949d2b39c671c2cc7a24d44096784e76614899a7ccf2574b7b", size = 154174, upload-time = "2025-05-02T08:33:13.707Z" },
    { url = "https://files.pythonhosted.org/packages/78/be/8392efc43487ac051eee6c36d5fbd63032d78f7728cb37aebcc98191f1ff/charset_normalizer-3.4.2-cp313-cp313-musllinux_1_2_x86_64.whl", hash = "sha256:4a476b06fbcf359ad25d34a057b7219281286ae2477cc5ff5e3f70a246971148", size = 149166, upload-time = "2025-05-02T08:33:15.458Z" },
    { url = "https://files.pythonhosted.org/packages/44/96/392abd49b094d30b91d9fbda6a69519e95802250b777841cf3bda8fe136c/charset_normalizer-3.4.2-cp313-cp313-win32.whl", hash = "sha256:aaeeb6a479c7667fbe1099af9617c83aaca22182d6cf8c53966491a0f1b7ffb7", size = 98064, upload-time = "2025-05-02T08:33:17.06Z" },
    { url = "https://files.pythonhosted.org/packages/e9/b0/0200da600134e001d91851ddc797809e2fe0ea72de90e09bec5a2fbdaccb/charset_normalizer-3.4.2-cp313-cp313-win_amd64.whl", hash = "sha256:aa6af9e7d59f9c12b33ae4e9450619cf2488e2bbe9b44030905877f0b2324980", size = 105641, upload-time = "2025-05-02T08:33:18.753Z" },
    { url = "https://files.pythonhosted.org/packages/20/94/c5790835a017658cbfabd07f3bfb549140c3ac458cfc196323996b10095a/charset_normalizer-3.4.2-py3-none-any.whl", hash = "sha256:7f56930ab0abd1c45cd15be65cc741c28b1c9a34876ce8c17a2fa107810c0af0", size = 52626, upload-time = "2025-05-02T08:34:40.053Z" },
]

[[package]]
name = "colorama"
version = "0.4.6"
source = { registry = "https://pypi.org/simple" }
sdist = { url = "https://files.pythonhosted.org/packages/d8/53/6f443c9a4a8358a93a6792e2acffb9d9d5cb0a5cfd8802644b7b1c9a02e4/colorama-0.4.6.tar.gz", hash = "sha256:08695f5cb7ed6e0531a20572697297273c47b8cae5a63ffc6d6ed5c201be6e44", size = 27697, upload-time = "2022-10-25T02:36:22.414Z" }
wheels = [
    { url = "https://files.pythonhosted.org/packages/d1/d6/3965ed04c63042e047cb6a3e6ed1a63a35087b6a609aa3a15ed8ac56c221/colorama-0.4.6-py2.py3-none-any.whl", hash = "sha256:4f1d9991f5acc0ca119f9d443620b77f9d6b33703e51011c16baf57afb285fc6", size = 25335, upload-time = "2022-10-25T02:36:20.889Z" },
]

[[package]]
name = "dwcom"
version = "0.1.0"
source = { virtual = "." }
dependencies = [
    { name = "accessible-output3" },
    { name = "notify-py" },
    { name = "ntfpy" },
    { name = "pyprowl" },
    { name = "rpaudio" },
]

[package.metadata]
requires-dist = [
    { name = "accessible-output3", specifier = ">=0.1.2" },
    { name = "notify-py", specifier = ">=0.3.43" },
    { name = "ntfpy", specifier = ">=0.0.12" },
    { name = "pyprowl", specifier = ">=3.0.1" },
    { name = "rpaudio", specifier = ">=0.0.18" },
]

[[package]]
name = "idna"
version = "3.10"
source = { registry = "https://pypi.org/simple" }
sdist = { url = "https://files.pythonhosted.org/packages/f1/70/7703c29685631f5a7590aa73f1f1d3fa9a380e654b86af429e0934a32f7d/idna-3.10.tar.gz", hash = "sha256:12f65c9b470abda6dc35cf8e63cc574b1c52b11df2c86030af0ac09b01b13ea9", size = 190490, upload-time = "2024-09-15T18:07:39.745Z" }
wheels = [
    { url = "https://files.pythonhosted.org/packages/76/c6/c88e154df9c4e1a2a66ccf0005a88dfb2650c1dffb6f5ce603dfbd452ce3/idna-3.10-py3-none-any.whl", hash = "sha256:946d195a0d259cbba61165e88e65941f16e9b36ea6ddb97f00452bae8b1287d3", size = 70442, upload-time = "2024-09-15T18:07:37.964Z" },
]

[[package]]
name = "jeepney"
version = "0.9.0"
source = { registry = "https://pypi.org/simple" }
sdist = { url = "https://files.pythonhosted.org/packages/7b/6f/357efd7602486741aa73ffc0617fb310a29b588ed0fd69c2399acbb85b0c/jeepney-0.9.0.tar.gz", hash = "sha256:cf0e9e845622b81e4a28df94c40345400256ec608d0e55bb8a3feaa9163f5732", size = 106758, upload-time = "2025-02-27T18:51:01.684Z" }
wheels = [
    { url = "https://files.pythonhosted.org/packages/b2/a3/e137168c9c44d18eff0376253da9f1e9234d0239e0ee230d2fee6cea8e55/jeepney-0.9.0-py3-none-any.whl", hash = "sha256:97e5714520c16fc0a45695e5365a2e11b81ea79bba796e26f9f1d178cb182683", size = 49010, upload-time = "2025-02-27T18:51:00.104Z" },
]

[[package]]
name = "libloader"
version = "1.3.3"
source = { registry = "https://pypi.org/simple" }
sdist = { url = "https://files.pythonhosted.org/packages/d7/ea/54c1d367ba841efbd73db4ad2f79a6dc659b8f62299487a35e9b640ded99/libloader-1.3.3.tar.gz", hash = "sha256:c35df87153526c0736dc5a948c7cea593b234c29960dde3fc985dc4a39acfa80", size = 4257, upload-time = "2025-08-04T01:41:32.548Z" }
wheels = [
    { url = "https://files.pythonhosted.org/packages/0a/37/8acc1eef83961fb3933243ca0db89550ba1ebf5ed5d6f4006bb654184f61/libloader-1.3.3-py2.py3-none-any.whl", hash = "sha256:228f43072be22bd5a915c3987fd57f6ae66ff3090ed292d6922593faa7ebfcae", size = 4971, upload-time = "2025-08-04T01:41:31.436Z" },
]

[[package]]
name = "loguru"
version = "0.6.0"
source = { registry = "https://pypi.org/simple" }
dependencies = [
    { name = "colorama", marker = "sys_platform == 'win32'" },
    { name = "win32-setctime", marker = "sys_platform == 'win32'" },
]
sdist = { url = "https://files.pythonhosted.org/packages/75/1f/d3818863e4be96bd641c4643c535a98f0fa2a12efa7c8ba35f763fa778ee/loguru-0.6.0.tar.gz", hash = "sha256:066bd06758d0a513e9836fd9c6b5a75bfb3fd36841f4b996bc60b547a309d41c", size = 123158, upload-time = "2022-01-29T13:47:31.879Z" }
wheels = [
    { url = "https://files.pythonhosted.org/packages/fe/21/e1d1da2586865a159fc73b611f36bdd50b6c4043cb6132d3d5e972988028/loguru-0.6.0-py3-none-any.whl", hash = "sha256:4e2414d534a2ab57573365b3e6d0234dfb1d84b68b7f3b948e6fb743860a77c3", size = 58317, upload-time = "2022-01-29T13:47:29.921Z" },
]

[[package]]
name = "lxml"
version = "6.0.0"
source = { registry = "https://pypi.org/simple" }
sdist = { url = "https://files.pythonhosted.org/packages/c5/ed/60eb6fa2923602fba988d9ca7c5cdbd7cf25faa795162ed538b527a35411/lxml-6.0.0.tar.gz", hash = "sha256:032e65120339d44cdc3efc326c9f660f5f7205f3a535c1fdbf898b29ea01fb72", size = 4096938, upload-time = "2025-06-26T16:28:19.373Z" }
wheels = [
    { url = "https://files.pythonhosted.org/packages/89/c3/d01d735c298d7e0ddcedf6f028bf556577e5ab4f4da45175ecd909c79378/lxml-6.0.0-cp312-cp312-macosx_10_13_universal2.whl", hash = "sha256:78718d8454a6e928470d511bf8ac93f469283a45c354995f7d19e77292f26108", size = 8429515, upload-time = "2025-06-26T16:26:06.776Z" },
    { url = "https://files.pythonhosted.org/packages/06/37/0e3eae3043d366b73da55a86274a590bae76dc45aa004b7042e6f97803b1/lxml-6.0.0-cp312-cp312-macosx_10_13_x86_64.whl", hash = "sha256:84ef591495ffd3f9dcabffd6391db7bb70d7230b5c35ef5148354a134f56f2be", size = 4601387, upload-time = "2025-06-26T16:26:09.511Z" },
    { url = "https://files.pythonhosted.org/packages/79/21/6e7c060822a3c954ff085e5e1b94b4a25757c06529eac91e550f3f5cd8b8/lxml-6.0.0-cp313-cp313-macosx_10_13_universal2.whl", hash = "sha256:6da7cd4f405fd7db56e51e96bff0865b9853ae70df0e6720624049da76bde2da", size = 8414372, upload-time = "2025-06-26T16:26:39.079Z" },
    { url = "https://files.pythonhosted.org/packages/a4/f6/051b1607a459db670fc3a244fa4f06f101a8adf86cda263d1a56b3a4f9d5/lxml-6.0.0-cp313-cp313-macosx_10_13_x86_64.whl", hash = "sha256:b34339898bb556a2351a1830f88f751679f343eabf9cf05841c95b165152c9e7", size = 4593940, upload-time = "2025-06-26T16:26:41.891Z" },
]

[[package]]
name = "notify-py"
version = "0.3.43"
source = { registry = "https://pypi.org/simple" }
dependencies = [
    { name = "jeepney", marker = "sys_platform == 'linux'" },
    { name = "loguru" },
]
sdist = { url = "https://files.pythonhosted.org/packages/06/2b/fc68aeed5108185922c5469484e15c192dff01d61eddfab0c1c256e4f54c/notify_py-0.3.43.tar.gz", hash = "sha256:16ee146d48f16bae5dad233db66014a387efd2c6ed2c4caf1e08aef432070513", size = 648145, upload-time = "2024-06-05T14:40:38.487Z" }
wheels = [
    { url = "https://files.pythonhosted.org/packages/87/b4/649f16520ed0a64c275861dcaf9c1291d079f742aa2bf9102fdd168e4197/notify_py-0.3.43-py3-none-any.whl", hash = "sha256:90da686b480bf05d033b21fb5118662bb7a4c68e68cb21d93a048ca7b867f9b4", size = 649803, upload-time = "2024-06-05T14:40:36.733Z" },
]

[[package]]
name = "ntfpy"
version = "0.0.12"
source = { registry = "https://pypi.org/simple" }
dependencies = [
    { name = "requests" },
]
sdist = { url = "https://files.pythonhosted.org/packages/e1/3e/95fae57bea9c7656dce7160942e845fcce244cb12804312e16e9b3a9c053/ntfpy-0.0.12.tar.gz", hash = "sha256:f4613a98083c1710945f10929689968dd8f5714a7009fe46a72fd969f37d95af", size = 7108, upload-time = "2023-03-21T09:05:14.124Z" }
wheels = [
    { url = "https://files.pythonhosted.org/packages/b8/e9/7babdba2b4e460c0c000ef42939a14b26555ee6a85476f5d78abb50ac054/ntfpy-0.0.12-py3-none-any.whl", hash = "sha256:b433a57691b2fd89cf8176561c5b14aab70840d6c8d10e367f990f9637846f4b", size = 11437, upload-time = "2023-03-21T09:05:12.207Z" },
]

[[package]]
name = "platform-utils"
version = "1.5.9"
source = { registry = "https://pypi.org/simple" }
dependencies = [
    { name = "platformdirs" },
    { name = "pywin32", marker = "sys_platform == 'win32'" },
]
sdist = { url = "https://files.pythonhosted.org/packages/3d/f9/9ab8e3e0e78518e5b578bd37b72493bbff3a3d0548359252e94e374979e7/platform_utils-1.5.9.tar.gz", hash = "sha256:a67cf7b94cf66c482adacb7087d7a4322151971dcb0f89e367ff7df28b947883", size = 12686, upload-time = "2025-08-03T00:38:32.153Z" }
wheels = [
    { url = "https://files.pythonhosted.org/packages/c6/80/b449fa154cb3ee21d8b77cc3a5cdc1f891142d31541e3d27cdffcba4c85b/platform_utils-1.5.9-py3-none-any.whl", hash = "sha256:6448679b6aeff451a93dfef6e1905f3eb530332406da4d0dd9f26e54ead98804", size = 9431, upload-time = "2025-08-03T00:38:31.01Z" },
]

[[package]]
name = "platformdirs"
version = "4.3.8"
source = { registry = "https://pypi.org/simple" }
sdist = { url = "https://files.pythonhosted.org/packages/fe/8b/3c73abc9c759ecd3f1f7ceff6685840859e8070c4d947c93fae71f6a0bf2/platformdirs-4.3.8.tar.gz", hash = "sha256:3d512d96e16bcb959a814c9f348431070822a6496326a4be0911c40b5a74c2bc", size = 21362, upload-time = "2025-05-07T22:47:42.121Z" }
wheels = [
    { url = "https://files.pythonhosted.org/packages/fe/39/979e8e21520d4e47a0bbe349e2713c0aac6f3d853d0e5b34d76206c439aa/platformdirs-4.3.8-py3-none-any.whl", hash = "sha256:ff7059bb7eb1179e2685604f4aaf157cfd9535242bd23742eadc3c13542139b4", size = 18567, upload-time = "2025-05-07T22:47:40.376Z" },
]

[[package]]
name = "pyprowl"
version = "3.0.1"
source = { registry = "https://pypi.org/simple" }
sdist = { url = "https://files.pythonhosted.org/packages/75/60/702a8f704d341294ee29221660d571dfed97e5f4f2dbcac4cb497a4cd57d/pyprowl-3.0.1.tar.gz", hash = "sha256:915d482a08837916b67129b7708d3233915506dda3aaa1f5b6b0399698f6043a", size = 3193, upload-time = "2019-08-03T14:51:17.25Z" }
wheels = [
    { url = "https://files.pythonhosted.org/packages/40/07/90a3884d0476193d0c65a31478712bbfe970ecec5f1dbed0ecc1ed515801/pyprowl-3.0.1-py3-none-any.whl", hash = "sha256:49a86b4cabc1bf58cfd7c5838e3d2d2e197abf2736a7b0d50d50b055a1ccf013", size = 16605, upload-time = "2019-08-03T14:51:15.099Z" },
]

[[package]]
name = "pywin32"
version = "311"
source = { registry = "https://pypi.org/simple" }
wheels = [
    { url = "https://files.pythonhosted.org/packages/e7/ab/01ea1943d4eba0f850c3c61e78e8dd59757ff815ff3ccd0a84de5f541f42/pywin32-311-cp312-cp312-win32.whl", hash = "sha256:750ec6e621af2b948540032557b10a2d43b0cee2ae9758c54154d711cc852d31", size = 8706543, upload-time = "2025-07-14T20:13:20.765Z" },
    { url = "https://files.pythonhosted.org/packages/d1/a8/a0e8d07d4d051ec7502cd58b291ec98dcc0c3fff027caad0470b72cfcc2f/pywin32-311-cp312-cp312-win_amd64.whl", hash = "sha256:b8c095edad5c211ff31c05223658e71bf7116daa0ecf3ad85f3201ea3190d067", size = 9495040, upload-time = "2025-07-14T20:13:22.543Z" },
    { url = "https://files.pythonhosted.org/packages/ba/3a/2ae996277b4b50f17d61f0603efd8253cb2d79cc7ae159468007b586396d/pywin32-311-cp312-cp312-win_arm64.whl", hash = "sha256:e286f46a9a39c4a18b319c28f59b61de793654af2f395c102b4f819e584b5852", size = 8710102, upload-time = "2025-07-14T20:13:24.682Z" },
    { url = "https://files.pythonhosted.org/packages/a5/be/3fd5de0979fcb3994bfee0d65ed8ca9506a8a1260651b86174f6a86f52b3/pywin32-311-cp313-cp313-win32.whl", hash = "sha256:f95ba5a847cba10dd8c4d8fefa9f2a6cf283b8b88ed6178fa8a6c1ab16054d0d", size = 8705700, upload-time = "2025-07-14T20:13:26.471Z" },
    { url = "https://files.pythonhosted.org/packages/e3/28/e0a1909523c6890208295a29e05c2adb2126364e289826c0a8bc7297bd5c/pywin32-311-cp313-cp313-win_amd64.whl", hash = "sha256:718a38f7e5b058e76aee1c56ddd06908116d35147e133427e59a3983f703a20d", size = 9494700, upload-time = "2025-07-14T20:13:28.243Z" },
    { url = "https://files.pythonhosted.org/packages/04/bf/90339ac0f55726dce7d794e6d79a18a91265bdf3aa70b6b9ca52f35e022a/pywin32-311-cp313-cp313-win_arm64.whl", hash = "sha256:7b4075d959648406202d92a2310cb990fea19b535c7f4a78d3f5e10b926eeb8a", size = 8709318, upload-time = "2025-07-14T20:13:30.348Z" },
    { url = "https://files.pythonhosted.org/packages/c9/31/097f2e132c4f16d99a22bfb777e0fd88bd8e1c634304e102f313af69ace5/pywin32-311-cp314-cp314-win32.whl", hash = "sha256:b7a2c10b93f8986666d0c803ee19b5990885872a7de910fc460f9b0c2fbf92ee", size = 8840714, upload-time = "2025-07-14T20:13:32.449Z" },
    { url = "https://files.pythonhosted.org/packages/90/4b/07c77d8ba0e01349358082713400435347df8426208171ce297da32c313d/pywin32-311-cp314-cp314-win_amd64.whl", hash = "sha256:3aca44c046bd2ed8c90de9cb8427f581c479e594e99b5c0bb19b29c10fd6cb87", size = 9656800, upload-time = "2025-07-14T20:13:34.312Z" },
    { url = "https://files.pythonhosted.org/packages/c0/d2/21af5c535501a7233e734b8af901574572da66fcc254cb35d0609c9080dd/pywin32-311-cp314-cp314-win_arm64.whl", hash = "sha256:a508e2d9025764a8270f93111a970e1d0fbfc33f4153b388bb649b7eec4f9b42", size = 8932540, upload-time = "2025-07-14T20:13:36.379Z" },
]

[[package]]
name = "requests"
version = "2.32.4"
source = { registry = "https://pypi.org/simple" }
dependencies = [
    { name = "certifi" },
    { name = "charset-normalizer" },
    { name = "idna" },
    { name = "urllib3" },
]
sdist = { url = "https://files.pythonhosted.org/packages/e1/0a/929373653770d8a0d7ea76c37de6e41f11eb07559b103b1c02cafb3f7cf8/requests-2.32.4.tar.gz", hash = "sha256:27d0316682c8a29834d3264820024b62a36942083d52caf2f14c0591336d3422", size = 135258, upload-time = "2025-06-09T16:43:07.34Z" }
wheels = [
    { url = "https://files.pythonhosted.org/packages/7c/e4/56027c4a6b4ae70ca9de302488c5ca95ad4a39e190093d6c1a8ace08341b/requests-2.32.4-py3-none-any.whl", hash = "sha256:27babd3cda2a6d50b30443204ee89830707d396671944c998b5975b031ac2b2c", size = 64847, upload-time = "2025-06-09T16:43:05.728Z" },
]

[[package]]
name = "rpaudio"
version = "0.0.18"
source = { registry = "https://pypi.org/simple" }
wheels = [
    { url = "https://files.pythonhosted.org/packages/52/ce/161cea072ff64e28316c634624b8d7299e9fe72c33c661f5f83dfd9c7371/rpaudio-0.0.18-cp38-abi3-macosx_10_12_x86_64.macosx_11_0_arm64.macosx_10_12_universal2.whl", hash = "sha256:0309110464a09be8243327355d8912d5d0895ee91910072accefc0f44716282a", size = 2242813, upload-time = "2025-01-30T09:21:00.755Z" },
    { url = "https://files.pythonhosted.org/packages/81/3d/18a8ff7af7d05edddb787e81d71a273eb93f21076ee3015befc7bb7ec16f/rpaudio-0.0.18-cp38-abi3-macosx_10_12_x86_64.whl", hash = "sha256:fb1fd4561bed772ba6d96157fc451edab97828b945016dea0901bdf3f6f61ae0", size = 1141970, upload-time = "2025-01-30T09:21:04.681Z" },
    { url = "https://files.pythonhosted.org/packages/49/29/ae8c144ee7ad433fee5e8f3afce32b101ed5153a773a62295747c181f5db/rpaudio-0.0.18-cp38-abi3-manylinux_2_17_i686.manylinux2014_i686.whl", hash = "sha256:a8218f30957d7d3f12ba8c134688c8db0ea7dc19e5c73706c8d97f3d1567fd35", size = 1763249, upload-time = "2025-01-30T09:21:07.233Z" },
    { url = "https://files.pythonhosted.org/packages/d1/34/b8e684a2955e37877e6f07d00e95e60eef672ef360783f9a5802cf50e664/rpaudio-0.0.18-cp38-abi3-manylinux_2_17_x86_64.manylinux2014_x86_64.whl", hash = "sha256:e9069eaf4af4e0bb7e4481cba9ab3dd5d2189308767e6a3e37ff7cb6202827e1", size = 1682310, upload-time = "2025-01-30T09:21:09.292Z" },
    { url = "https://files.pythonhosted.org/packages/6d/6c/a1499fdc6049a56caf6082d6f77017b1087e6969b082857e99f3b78787ec/rpaudio-0.0.18-cp38-abi3-win32.whl", hash = "sha256:0910ea6d9f10c338e210e40a0d03c2b0a644b2991c42eb7af0c2fd0b4b638c1a", size = 942759, upload-time = "2025-01-30T09:21:10.943Z" },
    { url = "https://files.pythonhosted.org/packages/22/46/9c3485bed2a9d024b9b6d1ecbfa843fa7b911b177cc605c62e2d525f6a3f/rpaudio-0.0.18-cp38-abi3-win_amd64.whl", hash = "sha256:cc4eacd17d7132278bbb30027c454a48939d2b95586d7a088bf7f912aeceb73a", size = 993256, upload-time = "2025-01-30T09:21:12.83Z" },
]

[[package]]
name = "urllib3"
version = "2.5.0"
source = { registry = "https://pypi.org/simple" }
sdist = { url = "https://files.pythonhosted.org/packages/15/22/9ee70a2574a4f4599c47dd506532914ce044817c7752a79b6a51286319bc/urllib3-2.5.0.tar.gz", hash = "sha256:3fc47733c7e419d4bc3f6b3dc2b4f890bb743906a30d56ba4a5bfa4bbff92760", size = 393185, upload-time = "2025-06-18T14:07:41.644Z" }
wheels = [
    { url = "https://files.pythonhosted.org/packages/a7/c2/fe1e52489ae3122415c51f387e221dd0773709bad6c6cdaa599e8a2c5185/urllib3-2.5.0-py3-none-any.whl", hash = "sha256:e6b01673c0fa6a13e374b50871808eb3bf7046c4b125b216f6bf1cc604cff0dc", size = 129795, upload-time = "2025-06-18T14:07:40.39Z" },
]

[[package]]
name = "win32-setctime"
version = "1.2.0"
source = { registry = "https://pypi.org/simple" }
sdist = { url = "https://files.pythonhosted.org/packages/b3/8f/705086c9d734d3b663af0e9bb3d4de6578d08f46b1b101c2442fd9aecaa2/win32_setctime-1.2.0.tar.gz", hash = "sha256:ae1fdf948f5640aae05c511ade119313fb6a30d7eabe25fef9764dca5873c4c0", size = 4867, upload-time = "2024-12-07T15:28:28.314Z" }
wheels = [
    { url = "https://files.pythonhosted.org/packages/e1/07/c6fe3ad3e685340704d314d765b7912993bcb8dc198f0e7a89382d37974b/win32_setctime-1.2.0-py3-none-any.whl", hash = "sha256:95d644c4e708aba81dc3704a116d8cbc974d70b3bdb8be1d150e36be6e9d1390", size = 4083, upload-time = "2024-12-07T15:28:26.465Z" },
]
